{
  "version": 4,
  "terraform_version": "1.4.6",
  "serial": 5,
  "lineage": "225c0254-6238-70ca-81f1-1f2da76a22d5",
  "outputs": {},
  "resources": [
    {
      "mode": "managed",
      "type": "proxmox_lxc",
      "name": "basic",
      "provider": "provider[\"registry.terraform.io/telmate/proxmox\"]",
      "instances": [
        {
          "schema_version": 0,
          "attributes": {
            "arch": "amd64",
            "bwlimit": 0,
            "clone": null,
            "clone_storage": null,
            "cmode": "tty",
            "console": true,
            "cores": 1,
            "cpulimit": 0,
            "cpuunits": 1024,
            "description": "",
            "features": [],
            "force": false,
            "full": null,
            "hagroup": "",
            "hastate": "",
            "hookscript": "",
            "hostname": "lxc-basic",
            "id": "pve0/lxc/100",
            "ignore_unpack_errors": false,
            "lock": "",
            "memory": 512,
            "mountpoint": [],
            "nameserver": "",
            "network": [
              {
                "bridge": "vmbr0",
                "firewall": false,
                "gw": "",
                "gw6": "",
                "hwaddr": "56:42:8D:DC:08:DB",
                "ip": "dhcp",
                "ip6": "",
                "mtu": 0,
                "name": "eth0",
                "rate": 0,
                "tag": 0,
                "trunks": "",
                "type": "veth"
              }
            ],
            "onboot": false,
            "ostemplate": "local:vztmpl/ubuntu-22.10-standard_22.10-1_amd64.tar.zst",
            "ostype": "ubuntu",
            "password": "BasicLXCContainer",
            "pool": null,
            "protection": false,
            "restore": false,
            "rootfs": [
              {
                "acl": false,
                "quota": false,
                "replicate": false,
                "ro": false,
                "shared": false,
                "size": "8G",
                "storage": "array",
                "volume": "array:subvol-100-disk-0"
              }
            ],
            "searchdomain": "",
            "ssh_public_keys": null,
            "start": true,
            "startup": "",
            "swap": 0,
            "tags": "",
            "target_node": "pve0",
            "template": false,
            "timeouts": null,
            "tty": 2,
            "unique": false,
            "unprivileged": true,
            "unused": [],
            "vmid": null
          },
          "sensitive_attributes": [],
          "private": "eyJlMmJmYjczMC1lY2FhLTExZTYtOGY4OC0zNDM2M2JjN2M0YzAiOnsiY3JlYXRlIjoxMjAwMDAwMDAwMDAwLCJkZWZhdWx0IjoxMjAwMDAwMDAwMDAwLCJkZWxldGUiOjEyMDAwMDAwMDAwMDAsInJlYWQiOjEyMDAwMDAwMDAwMDAsInVwZGF0ZSI6MTIwMDAwMDAwMDAwMH19"
        }
      ]
    }
  ],
  "check_results": null
}
