{
  "version": 4,
  "terraform_version": "1.4.6",
  "serial": 65,
  "lineage": "225c0254-6238-70ca-81f1-1f2da76a22d5",
  "outputs": {},
  "resources": [
    {
      "mode": "managed",
      "type": "proxmox_virtual_environment_container",
      "name": "nixtest2",
      "provider": "provider[\"registry.terraform.io/bpg/proxmox\"]",
      "instances": [
        {
          "schema_version": 0,
          "attributes": {
            "clone": [],
            "console": [
              {
                "enabled": true,
                "tty_count": 2,
                "type": "console"
              }
            ],
            "cpu": [
              {
                "architecture": "amd64",
                "cores": 1,
                "units": 1024
              }
            ],
            "description": "",
            "disk": [
              {
                "datastore_id": "array",
                "size": 8
              }
            ],
            "features": [
              {
                "nesting": true
              }
            ],
            "id": "104",
            "initialization": [
              {
                "dns": [],
                "hostname": "nixtest2",
                "ip_config": [
                  {
                    "ipv4": [
                      {
                        "address": "dhcp",
                        "gateway": ""
                      }
                    ],
                    "ipv6": []
                  }
                ],
                "user_account": [
                  {
                    "keys": [
                      "ssh-ed25519 AAAAC3NzaC1lZDI1NTE5AAAAIKxq71dQw4zBQAe3mtfiNwuCwP0Lu8x9PdRVxy2+T8Pw"
                    ],
                    "password": ""
                  }
                ]
              }
            ],
            "memory": [
              {
                "dedicated": 1024,
                "swap": 0
              }
            ],
            "network_interface": [
              {
                "bridge": "vmbr0",
                "enabled": true,
                "firewall": false,
                "mac_address": "A6:84:14:7D:E2:FD",
                "mtu": 0,
                "name": "eth0",
                "rate_limit": 0,
                "vlan_id": 3
              }
            ],
            "node_name": "pve0",
            "operating_system": [
              {
                "template_file_id": "local:vztmpl/nixos-system-x86_64-linux.tar.xz",
                "type": "nixos"
              }
            ],
            "pool_id": null,
            "started": true,
            "tags": null,
            "template": false,
            "unprivileged": false,
            "vm_id": -1
          },
          "sensitive_attributes": [],
          "private": "bnVsbA=="
        }
      ]
    },
    {
      "mode": "managed",
      "type": "proxmox_virtual_environment_vm",
      "name": "devvm",
      "provider": "provider[\"registry.terraform.io/bpg/proxmox\"]",
      "instances": [
        {
          "schema_version": 0,
          "attributes": {
            "acpi": true,
            "agent": [
              {
                "enabled": true,
                "timeout": "15m",
                "trim": false,
                "type": "virtio"
              }
            ],
            "audio_device": [],
            "bios": "ovmf",
            "boot_order": [
              "hostpci0"
            ],
            "cdrom": [],
            "clone": [],
            "cpu": [
              {
                "architecture": "x86_64",
                "cores": 24,
                "flags": [],
                "hotplugged": 0,
                "sockets": 1,
                "type": "host",
                "units": 1024
              }
            ],
            "description": "Managed by Terraform",
            "disk": [],
            "hostpci": [
              {
                "device": "hostpci0",
                "id": "0000:03:00.0",
                "mdev": "",
                "pcie": false,
                "rom_file": "OVMF_CODE-pure-efi.fd",
                "rombar": false,
                "xvga": false
              }
            ],
            "id": "101",
            "initialization": [],
            "ipv4_addresses": [
              [
                "127.0.0.1"
              ],
              [
                "10.2.5.182"
              ],
              [
                "100.110.61.72"
              ],
              [
                "172.17.0.1"
              ],
              [
                "172.18.0.1"
              ],
              [
                "172.20.0.1"
              ],
              [
                "172.19.0.1"
              ],
              []
            ],
            "ipv6_addresses": [
              [
                "::1"
              ],
              [
                "fe80::5054:ff:fe4f:290a"
              ],
              [
                "fd7a:115c:a1e0:ab12:4843:cd96:626e:3d48",
                "fe80::56fc:e2f3:7657:2ed"
              ],
              [
                "fe80::42:4ff:fe0d:7bc2"
              ],
              [],
              [],
              [],
              [
                "fe80::a0ae:6eff:fe0e:e454"
              ]
            ],
            "keyboard_layout": "en-us",
            "kvm_arguments": "",
            "mac_addresses": [
              "00:00:00:00:00:00",
              "52:54:00:4F:29:0A",
              "00:00:00:00:00:00",
              "02:42:04:0D:7B:C2",
              "02:42:CF:2C:21:7A",
              "02:42:93:A7:89:44",
              "02:42:F2:75:A2:F4",
              "A2:AE:6E:0E:E4:54"
            ],
            "machine": "",
            "memory": [
              {
                "dedicated": 8192,
                "floating": 16384,
                "shared": 0
              }
            ],
            "name": "devvm",
            "network_device": [
              {
                "bridge": "vmbr0",
                "enabled": true,
                "firewall": false,
                "mac_address": "52:54:00:4F:29:0A",
                "model": "virtio",
                "mtu": 0,
                "rate_limit": 0,
                "vlan_id": 3
              }
            ],
            "network_interface_names": [
              "lo",
              "ens18",
              "tailscale0",
              "docker0",
              "br-db50d50eb458",
              "br-43d54e4391dc",
              "br-94afe8259c6e",
              "veth0e43687"
            ],
            "node_name": "pve0",
            "on_boot": true,
            "operating_system": [
              {
                "type": "l26"
              }
            ],
            "pool_id": null,
            "reboot": false,
            "scsi_hardware": "virtio-scsi-pci",
            "serial_device": [
              {
                "device": "socket"
              }
            ],
            "started": true,
            "tablet_device": false,
            "tags": [
              "nixos",
              "terraform"
            ],
            "template": false,
            "timeout_clone": 1800,
            "timeout_move_disk": 1800,
            "timeout_reboot": 1800,
            "timeout_shutdown_vm": 1800,
            "timeout_start_vm": 1800,
            "timeout_stop_vm": 300,
            "vga": [],
            "vm_id": -1
          },
          "sensitive_attributes": [],
          "private": "bnVsbA=="
        }
      ]
    }
  ],
  "check_results": null
}
